
Microsoft Visual Studio Solution File, Format Version 12.00
# Visual Studio Version 17
VisualStudioVersion = 17.3.32901.215
MinimumVisualStudioVersion = 10.0.40219.1
Project("{FAE04EC0-301F-11D3-BF4B-00C04F79EFBC}") = "Proje03_DegiskenOrnekleri", "Proje03_DegiskenOrnekleri.csproj", "{66A48A33-957C-4B33-993F-9A0EE1F2A2E2}"
EndProject
Global
	GlobalSection(SolutionConfigurationPlatforms) = preSolution
		Debug|Any CPU = Debug|Any CPU
		Release|Any CPU = Release|Any CPU
	EndGlobalSection
	GlobalSection(ProjectConfigurationPlatforms) = postSolution
		{66A48A33-957C-4B33-993F-9A0EE1F2A2E2}.Debug|Any CPU.ActiveCfg = Debug|Any CPU
		{66A48A33-957C-4B33-993F-9A0EE1F2A2E2}.Debug|Any CPU.Build.0 = Debug|Any CPU
		{66A48A33-957C-4B33-993F-9A0EE1F2A2E2}.Release|Any CPU.ActiveCfg = Release|Any CPU
		{66A48A33-957C-4B33-993F-9A0EE1F2A2E2}.Release|Any CPU.Build.0 = Release|Any CPU
	EndGlobalSection
	GlobalSection(SolutionProperties) = preSolution
		HideSolutionNode = FALSE
	EndGlobalSection
	GlobalSection(ExtensibilityGlobals) = postSolution
		SolutionGuid = {CD7D35B4-8EBC-4F17-88F9-33B8DAC72403}
	EndGlobalSection
EndGlobal
