
Microsoft Visual Studio Solution File, Format Version 12.00
# Visual Studio Version 17
VisualStudioVersion = 17.4.33110.190
MinimumVisualStudioVersion = 10.0.40219.1
Project("{FAE04EC0-301F-11D3-BF4B-00C04F79EFBC}") = "Solid01_SingleResponsibility", "Solid01_SingleResponsibility.csproj", "{F6F08AD9-046F-4539-BD57-92DC75BFE815}"
EndProject
Global
	GlobalSection(SolutionConfigurationPlatforms) = preSolution
		Debug|Any CPU = Debug|Any CPU
		Release|Any CPU = Release|Any CPU
	EndGlobalSection
	GlobalSection(ProjectConfigurationPlatforms) = postSolution
		{F6F08AD9-046F-4539-BD57-92DC75BFE815}.Debug|Any CPU.ActiveCfg = Debug|Any CPU
		{F6F08AD9-046F-4539-BD57-92DC75BFE815}.Debug|Any CPU.Build.0 = Debug|Any CPU
		{F6F08AD9-046F-4539-BD57-92DC75BFE815}.Release|Any CPU.ActiveCfg = Release|Any CPU
		{F6F08AD9-046F-4539-BD57-92DC75BFE815}.Release|Any CPU.Build.0 = Release|Any CPU
	EndGlobalSection
	GlobalSection(SolutionProperties) = preSolution
		HideSolutionNode = FALSE
	EndGlobalSection
	GlobalSection(ExtensibilityGlobals) = postSolution
		SolutionGuid = {0A610424-662A-4079-B1E6-C6042784ABE9}
	EndGlobalSection
EndGlobal
