
Microsoft Visual Studio Solution File, Format Version 12.00
# Visual Studio Version 17
VisualStudioVersion = 17.3.32922.545
MinimumVisualStudioVersion = 10.0.40219.1
Project("{FAE04EC0-301F-11D3-BF4B-00C04F79EFBC}") = "Proje08_Abstract", "Proje08_Abstract.csproj", "{97B5E43A-5F63-4A7D-9DD8-E2D9169103BA}"
EndProject
Global
	GlobalSection(SolutionConfigurationPlatforms) = preSolution
		Debug|Any CPU = Debug|Any CPU
		Release|Any CPU = Release|Any CPU
	EndGlobalSection
	GlobalSection(ProjectConfigurationPlatforms) = postSolution
		{97B5E43A-5F63-4A7D-9DD8-E2D9169103BA}.Debug|Any CPU.ActiveCfg = Debug|Any CPU
		{97B5E43A-5F63-4A7D-9DD8-E2D9169103BA}.Debug|Any CPU.Build.0 = Debug|Any CPU
		{97B5E43A-5F63-4A7D-9DD8-E2D9169103BA}.Release|Any CPU.ActiveCfg = Release|Any CPU
		{97B5E43A-5F63-4A7D-9DD8-E2D9169103BA}.Release|Any CPU.Build.0 = Release|Any CPU
	EndGlobalSection
	GlobalSection(SolutionProperties) = preSolution
		HideSolutionNode = FALSE
	EndGlobalSection
	GlobalSection(ExtensibilityGlobals) = postSolution
		SolutionGuid = {FD16614A-483C-43B8-BC36-EDF773ABDE3D}
	EndGlobalSection
EndGlobal
