
Microsoft Visual Studio Solution File, Format Version 12.00
# Visual Studio Version 17
VisualStudioVersion = 17.3.32901.215
MinimumVisualStudioVersion = 10.0.40219.1
Project("{FAE04EC0-301F-11D3-BF4B-00C04F79EFBC}") = "Proje09_ıfConditions", "Proje09_ıfConditions.csproj", "{B6671986-05DF-4066-8346-203CC54CFEC5}"
EndProject
Global
	GlobalSection(SolutionConfigurationPlatforms) = preSolution
		Debug|Any CPU = Debug|Any CPU
		Release|Any CPU = Release|Any CPU
	EndGlobalSection
	GlobalSection(ProjectConfigurationPlatforms) = postSolution
		{B6671986-05DF-4066-8346-203CC54CFEC5}.Debug|Any CPU.ActiveCfg = Debug|Any CPU
		{B6671986-05DF-4066-8346-203CC54CFEC5}.Debug|Any CPU.Build.0 = Debug|Any CPU
		{B6671986-05DF-4066-8346-203CC54CFEC5}.Release|Any CPU.ActiveCfg = Release|Any CPU
		{B6671986-05DF-4066-8346-203CC54CFEC5}.Release|Any CPU.Build.0 = Release|Any CPU
	EndGlobalSection
	GlobalSection(SolutionProperties) = preSolution
		HideSolutionNode = FALSE
	EndGlobalSection
	GlobalSection(ExtensibilityGlobals) = postSolution
		SolutionGuid = {AF2A645D-B435-4CD2-AC34-79FEFFF77347}
	EndGlobalSection
EndGlobal
