
Microsoft Visual Studio Solution File, Format Version 12.00
# Visual Studio Version 17
VisualStudioVersion = 17.4.33110.190
MinimumVisualStudioVersion = 10.0.40219.1
Project("{FAE04EC0-301F-11D3-BF4B-00C04F79EFBC}") = "Solid04_LiskovsSubstitution", "Solid04_LiskovsSubstitution.csproj", "{7C414519-114C-4FE0-A47B-FF485428D486}"
EndProject
Global
	GlobalSection(SolutionConfigurationPlatforms) = preSolution
		Debug|Any CPU = Debug|Any CPU
		Release|Any CPU = Release|Any CPU
	EndGlobalSection
	GlobalSection(ProjectConfigurationPlatforms) = postSolution
		{7C414519-114C-4FE0-A47B-FF485428D486}.Debug|Any CPU.ActiveCfg = Debug|Any CPU
		{7C414519-114C-4FE0-A47B-FF485428D486}.Debug|Any CPU.Build.0 = Debug|Any CPU
		{7C414519-114C-4FE0-A47B-FF485428D486}.Release|Any CPU.ActiveCfg = Release|Any CPU
		{7C414519-114C-4FE0-A47B-FF485428D486}.Release|Any CPU.Build.0 = Release|Any CPU
	EndGlobalSection
	GlobalSection(SolutionProperties) = preSolution
		HideSolutionNode = FALSE
	EndGlobalSection
	GlobalSection(ExtensibilityGlobals) = postSolution
		SolutionGuid = {3BBCF31C-524A-49A3-9954-5AAADC6650E3}
	EndGlobalSection
EndGlobal
