
Microsoft Visual Studio Solution File, Format Version 12.00
# Visual Studio Version 17
VisualStudioVersion = 17.3.32922.545
MinimumVisualStudioVersion = 10.0.40219.1
Project("{FAE04EC0-301F-11D3-BF4B-00C04F79EFBC}") = "Proje10_Collections_ArrayList", "Proje10_Collections_ArrayList.csproj", "{11A9CFB3-600C-4BC3-A4FB-4B5F4B0EA6B6}"
EndProject
Global
	GlobalSection(SolutionConfigurationPlatforms) = preSolution
		Debug|Any CPU = Debug|Any CPU
		Release|Any CPU = Release|Any CPU
	EndGlobalSection
	GlobalSection(ProjectConfigurationPlatforms) = postSolution
		{11A9CFB3-600C-4BC3-A4FB-4B5F4B0EA6B6}.Debug|Any CPU.ActiveCfg = Debug|Any CPU
		{11A9CFB3-600C-4BC3-A4FB-4B5F4B0EA6B6}.Debug|Any CPU.Build.0 = Debug|Any CPU
		{11A9CFB3-600C-4BC3-A4FB-4B5F4B0EA6B6}.Release|Any CPU.ActiveCfg = Release|Any CPU
		{11A9CFB3-600C-4BC3-A4FB-4B5F4B0EA6B6}.Release|Any CPU.Build.0 = Release|Any CPU
	EndGlobalSection
	GlobalSection(SolutionProperties) = preSolution
		HideSolutionNode = FALSE
	EndGlobalSection
	GlobalSection(ExtensibilityGlobals) = postSolution
		SolutionGuid = {4F7D4444-60B6-4A18-ADB2-170EFCDB7DCB}
	EndGlobalSection
EndGlobal
