
Microsoft Visual Studio Solution File, Format Version 12.00
# Visual Studio Version 17
VisualStudioVersion = 17.3.32922.545
MinimumVisualStudioVersion = 10.0.40219.1
Project("{FAE04EC0-301F-11D3-BF4B-00C04F79EFBC}") = "Odev3_1_100_Cift_Tek", "Odev3_1_100_Cift_Tek\Odev3_1_100_Cift_Tek.csproj", "{DAF5648A-B6F4-40DD-A0DE-4F60590FD748}"
EndProject
Global
	GlobalSection(SolutionConfigurationPlatforms) = preSolution
		Debug|Any CPU = Debug|Any CPU
		Release|Any CPU = Release|Any CPU
	EndGlobalSection
	GlobalSection(ProjectConfigurationPlatforms) = postSolution
		{DAF5648A-B6F4-40DD-A0DE-4F60590FD748}.Debug|Any CPU.ActiveCfg = Debug|Any CPU
		{DAF5648A-B6F4-40DD-A0DE-4F60590FD748}.Debug|Any CPU.Build.0 = Debug|Any CPU
		{DAF5648A-B6F4-40DD-A0DE-4F60590FD748}.Release|Any CPU.ActiveCfg = Release|Any CPU
		{DAF5648A-B6F4-40DD-A0DE-4F60590FD748}.Release|Any CPU.Build.0 = Release|Any CPU
	EndGlobalSection
	GlobalSection(SolutionProperties) = preSolution
		HideSolutionNode = FALSE
	EndGlobalSection
	GlobalSection(ExtensibilityGlobals) = postSolution
		SolutionGuid = {A3019B16-B8AA-43B6-85DD-7FA6E22943A2}
	EndGlobalSection
EndGlobal
